
Microsoft Visual Studio Solution File, Format Version 12.00
# Visual Studio Version 17
VisualStudioVersion = 17.9.34616.47
MinimumVisualStudioVersion = 10.0.40219.1
Project("{FAE04EC0-301F-11D3-BF4B-00C04F79EFBC}") = "OSSApi", "OSSApi\OSSApi.csproj", "{4848BCB5-5930-4A32-9CAB-82E3637BEAC9}"
EndProject
Global
	GlobalSection(SolutionConfigurationPlatforms) = preSolution
		Debug|Any CPU = Debug|Any CPU
		Release|Any CPU = Release|Any CPU
	EndGlobalSection
	GlobalSection(ProjectConfigurationPlatforms) = postSolution
		{4848BCB5-5930-4A32-9CAB-82E3637BEAC9}.Debug|Any CPU.ActiveCfg = Debug|Any CPU
		{4848BCB5-5930-4A32-9CAB-82E3637BEAC9}.Debug|Any CPU.Build.0 = Debug|Any CPU
		{4848BCB5-5930-4A32-9CAB-82E3637BEAC9}.Release|Any CPU.ActiveCfg = Release|Any CPU
		{4848BCB5-5930-4A32-9CAB-82E3637BEAC9}.Release|Any CPU.Build.0 = Release|Any CPU
	EndGlobalSection
	GlobalSection(SolutionProperties) = preSolution
		HideSolutionNode = FALSE
	EndGlobalSection
	GlobalSection(ExtensibilityGlobals) = postSolution
		SolutionGuid = {C4CD823C-8B09-439D-8D90-A59A6F6C1C96}
	EndGlobalSection
EndGlobal
